
Microsoft Visual Studio Solution File, Format Version 12.00
# Visual Studio Version 17
VisualStudioVersion = 17.2.32630.192
MinimumVisualStudioVersion = 10.0.40219.1
Project("{9A19103F-16F7-4668-BE54-9A1E7A4F7556}") = "SignalrProject", "SignalrProject.csproj", "{3B1C66B8-81C2-47D3-8AEA-DFF41B38F270}"
EndProject
Global
	GlobalSection(SolutionConfigurationPlatforms) = preSolution
		Debug|Any CPU = Debug|Any CPU
		Release|Any CPU = Release|Any CPU
	EndGlobalSection
	GlobalSection(ProjectConfigurationPlatforms) = postSolution
		{3B1C66B8-81C2-47D3-8AEA-DFF41B38F270}.Debug|Any CPU.ActiveCfg = Debug|Any CPU
		{3B1C66B8-81C2-47D3-8AEA-DFF41B38F270}.Debug|Any CPU.Build.0 = Debug|Any CPU
		{3B1C66B8-81C2-47D3-8AEA-DFF41B38F270}.Release|Any CPU.ActiveCfg = Release|Any CPU
		{3B1C66B8-81C2-47D3-8AEA-DFF41B38F270}.Release|Any CPU.Build.0 = Release|Any CPU
	EndGlobalSection
	GlobalSection(SolutionProperties) = preSolution
		HideSolutionNode = FALSE
	EndGlobalSection
	GlobalSection(ExtensibilityGlobals) = postSolution
		SolutionGuid = {5E957D38-DFEF-4B23-A1F1-A103FC55FBDA}
	EndGlobalSection
EndGlobal
